
Microsoft Visual Studio Solution File, Format Version 12.00
# Visual Studio 15
VisualStudioVersion = 15.0.28307.1401
MinimumVisualStudioVersion = 10.0.40219.1
Project("{FAE04EC0-301F-11D3-BF4B-00C04F79EFBC}") = "Teste de Klingon", "Teste de Klingon\Teste de Klingon.csproj", "{293BE6CC-8AEB-422F-845F-452A7DB39726}"
EndProject
Global
	GlobalSection(SolutionConfigurationPlatforms) = preSolution
		Debug|Any CPU = Debug|Any CPU
		Release|Any CPU = Release|Any CPU
	EndGlobalSection
	GlobalSection(ProjectConfigurationPlatforms) = postSolution
		{293BE6CC-8AEB-422F-845F-452A7DB39726}.Debug|Any CPU.ActiveCfg = Debug|Any CPU
		{293BE6CC-8AEB-422F-845F-452A7DB39726}.Debug|Any CPU.Build.0 = Debug|Any CPU
		{293BE6CC-8AEB-422F-845F-452A7DB39726}.Release|Any CPU.ActiveCfg = Release|Any CPU
		{293BE6CC-8AEB-422F-845F-452A7DB39726}.Release|Any CPU.Build.0 = Release|Any CPU
	EndGlobalSection
	GlobalSection(SolutionProperties) = preSolution
		HideSolutionNode = FALSE
	EndGlobalSection
	GlobalSection(ExtensibilityGlobals) = postSolution
		SolutionGuid = {3327DDAC-E355-4540-9E19-78C0D7C2DA3E}
	EndGlobalSection
EndGlobal
